// !$*UTF8*$!
{
	archiveVersion = 1;
	classes = {
	};
	objectVersion = 56;
	objects = {

/* Begin PBXBuildFile section */
		D18FA8D22B6AAA5B0050EE0F /* NetworkPlaygroundApp.swift in Sources */ = {isa = PBXBuildFile; fileRef = D18FA8D12B6AAA5B0050EE0F /* NetworkPlaygroundApp.swift */; };
		D18FA8D42B6AAA5B0050EE0F /* ContentView.swift in Sources */ = {isa = PBXBuildFile; fileRef = D18FA8D32B6AAA5B0050EE0F /* ContentView.swift */; };
		D18FA8D62B6AAA5E0050EE0F /* Assets.xcassets in Resources */ = {isa = PBXBuildFile; fileRef = D18FA8D52B6AAA5E0050EE0F /* Assets.xcassets */; };
		D18FA8D92B6AAA5E0050EE0F /* Preview Assets.xcassets in Resources */ = {isa = PBXBuildFile; fileRef = D18FA8D82B6AAA5E0050EE0F /* Preview Assets.xcassets */; };
		D18FA8E32B6AAA5F0050EE0F /* NetworkPlaygroundTests.swift in Sources */ = {isa = PBXBuildFile; fileRef = D18FA8E22B6AAA5F0050EE0F /* NetworkPlaygroundTests.swift */; };
		D18FA8ED2B6AAA5F0050EE0F /* NetworkPlaygroundUITests.swift in Sources */ = {isa = PBXBuildFile; fileRef = D18FA8EC2B6AAA5F0050EE0F /* NetworkPlaygroundUITests.swift */; };
		D18FA8EF2B6AAA5F0050EE0F /* NetworkPlaygroundUITestsLaunchTests.swift in Sources */ = {isa = PBXBuildFile; fileRef = D18FA8EE2B6AAA5F0050EE0F /* NetworkPlaygroundUITestsLaunchTests.swift */; };
/* End PBXBuildFile section */

/* Begin PBXContainerItemProxy section */
		D18FA8DF2B6AAA5F0050EE0F /* PBXContainerItemProxy */ = {
			isa = PBXContainerItemProxy;
			containerPortal = D18FA8C62B6AAA5B0050EE0F /* Project object */;
			proxyType = 1;
			remoteGlobalIDString = D18FA8CD2B6AAA5B0050EE0F;
			remoteInfo = NetworkPlayground;
		};
		D18FA8E92B6AAA5F0050EE0F /* PBXContainerItemProxy */ = {
			isa = PBXContainerItemProxy;
			containerPortal = D18FA8C62B6AAA5B0050EE0F /* Project object */;
			proxyType = 1;
			remoteGlobalIDString = D18FA8CD2B6AAA5B0050EE0F;
			remoteInfo = NetworkPlayground;
		};
/* End PBXContainerItemProxy section */

/* Begin PBXFileReference section */
		D18FA8CE2B6AAA5B0050EE0F /* NetworkPlayground.app */ = {isa = PBXFileReference; explicitFileType = wrapper.application; includeInIndex = 0; path = NetworkPlayground.app; sourceTree = BUILT_PRODUCTS_DIR; };
		D18FA8D12B6AAA5B0050EE0F /* NetworkPlaygroundApp.swift */ = {isa = PBXFileReference; lastKnownFileType = sourcecode.swift; path = NetworkPlaygroundApp.swift; sourceTree = "<group>"; };
		D18FA8D32B6AAA5B0050EE0F /* ContentView.swift */ = {isa = PBXFileReference; lastKnownFileType = sourcecode.swift; path = ContentView.swift; sourceTree = "<group>"; };
		D18FA8D52B6AAA5E0050EE0F /* Assets.xcassets */ = {isa = PBXFileReference; lastKnownFileType = folder.assetcatalog; path = Assets.xcassets; sourceTree = "<group>"; };
		D18FA8D82B6AAA5E0050EE0F /* Preview Assets.xcassets */ = {isa = PBXFileReference; lastKnownFileType = folder.assetcatalog; path = "Preview Assets.xcassets"; sourceTree = "<group>"; };
		D18FA8DE2B6AAA5F0050EE0F /* NetworkPlaygroundTests.xctest */ = {isa = PBXFileReference; explicitFileType = wrapper.cfbundle; includeInIndex = 0; path = NetworkPlaygroundTests.xctest; sourceTree = BUILT_PRODUCTS_DIR; };
		D18FA8E22B6AAA5F0050EE0F /* NetworkPlaygroundTests.swift */ = {isa = PBXFileReference; lastKnownFileType = sourcecode.swift; path = NetworkPlaygroundTests.swift; sourceTree = "<group>"; };
		D18FA8E82B6AAA5F0050EE0F /* NetworkPlaygroundUITests.xctest */ = {isa = PBXFileReference; explicitFileType = wrapper.cfbundle; includeInIndex = 0; path = NetworkPlaygroundUITests.xctest; sourceTree = BUILT_PRODUCTS_DIR; };
		D18FA8EC2B6AAA5F0050EE0F /* NetworkPlaygroundUITests.swift */ = {isa = PBXFileReference; lastKnownFileType = sourcecode.swift; path = NetworkPlaygroundUITests.swift; sourceTree = "<group>"; };
		D18FA8EE2B6AAA5F0050EE0F /* NetworkPlaygroundUITestsLaunchTests.swift */ = {isa = PBXFileReference; lastKnownFileType = sourcecode.swift; path = NetworkPlaygroundUITestsLaunchTests.swift; sourceTree = "<group>"; };
/* End PBXFileReference section */

/* Begin PBXFrameworksBuildPhase section */
		D18FA8CB2B6AAA5B0050EE0F /* Frameworks */ = {
			isa = PBXFrameworksBuildPhase;
			buildActionMask = 2147483647;
			files = (
			);
			runOnlyForDeploymentPostprocessing = 0;
		};
		D18FA8DB2B6AAA5F0050EE0F /* Frameworks */ = {
			isa = PBXFrameworksBuildPhase;
			buildActionMask = 2147483647;
			files = (
			);
			runOnlyForDeploymentPostprocessing = 0;
		};
		D18FA8E52B6AAA5F0050EE0F /* Frameworks */ = {
			isa = PBXFrameworksBuildPhase;
			buildActionMask = 2147483647;
			files = (
			);
			runOnlyForDeploymentPostprocessing = 0;
		};
/* End PBXFrameworksBuildPhase section */

/* Begin PBXGroup section */
		D18FA8C52B6AAA5B0050EE0F = {
			isa = PBXGroup;
			children = (
				D18FA8D02B6AAA5B0050EE0F /* NetworkPlayground */,
				D18FA8E12B6AAA5F0050EE0F /* NetworkPlaygroundTests */,
				D18FA8EB2B6AAA5F0050EE0F /* NetworkPlaygroundUITests */,
				D18FA8CF2B6AAA5B0050EE0F /* Products */,
			);
			sourceTree = "<group>";
		};
		D18FA8CF2B6AAA5B0050EE0F /* Products */ = {
			isa = PBXGroup;
			children = (
				D18FA8CE2B6AAA5B0050EE0F /* NetworkPlayground.app */,
				D18FA8DE2B6AAA5F0050EE0F /* NetworkPlaygroundTests.xctest */,
				D18FA8E82B6AAA5F0050EE0F /* NetworkPlaygroundUITests.xctest */,
			);
			name = Products;
			sourceTree = "<group>";
		};
		D18FA8D02B6AAA5B0050EE0F /* NetworkPlayground */ = {
			isa = PBXGroup;
			children = (
				D18FA8D12B6AAA5B0050EE0F /* NetworkPlaygroundApp.swift */,
				D18FA8D32B6AAA5B0050EE0F /* ContentView.swift */,
				D18FA8D52B6AAA5E0050EE0F /* Assets.xcassets */,
				D18FA8D72B6AAA5E0050EE0F /* Preview Content */,
			);
			path = NetworkPlayground;
			sourceTree = "<group>";
		};
		D18FA8D72B6AAA5E0050EE0F /* Preview Content */ = {
			isa = PBXGroup;
			children = (
				D18FA8D82B6AAA5E0050EE0F /* Preview Assets.xcassets */,
			);
			path = "Preview Content";
			sourceTree = "<group>";
		};
		D18FA8E12B6AAA5F0050EE0F /* NetworkPlaygroundTests */ = {
			isa = PBXGroup;
			children = (
				D18FA8E22B6AAA5F0050EE0F /* NetworkPlaygroundTests.swift */,
			);
			path = NetworkPlaygroundTests;
			sourceTree = "<group>";
		};
		D18FA8EB2B6AAA5F0050EE0F /* NetworkPlaygroundUITests */ = {
			isa = PBXGroup;
			children = (
				D18FA8EC2B6AAA5F0050EE0F /* NetworkPlaygroundUITests.swift */,
				D18FA8EE2B6AAA5F0050EE0F /* NetworkPlaygroundUITestsLaunchTests.swift */,
			);
			path = NetworkPlaygroundUITests;
			sourceTree = "<group>";
		};
/* End PBXGroup section */

/* Begin PBXNativeTarget section */
		D18FA8CD2B6AAA5B0050EE0F /* NetworkPlayground */ = {
			isa = PBXNativeTarget;
			buildConfigurationList = D18FA8F22B6AAA5F0050EE0F /* Build configuration list for PBXNativeTarget "NetworkPlayground" */;
			buildPhases = (
				D18FA8CA2B6AAA5B0050EE0F /* Sources */,
				D18FA8CB2B6AAA5B0050EE0F /* Frameworks */,
				D18FA8CC2B6AAA5B0050EE0F /* Resources */,
			);
			buildRules = (
			);
			dependencies = (
			);
			name = NetworkPlayground;
			productName = NetworkPlayground;
			productReference = D18FA8CE2B6AAA5B0050EE0F /* NetworkPlayground.app */;
			productType = "com.apple.product-type.application";
		};
		D18FA8DD2B6AAA5F0050EE0F /* NetworkPlaygroundTests */ = {
			isa = PBXNativeTarget;
			buildConfigurationList = D18FA8F52B6AAA5F0050EE0F /* Build configuration list for PBXNativeTarget "NetworkPlaygroundTests" */;
			buildPhases = (
				D18FA8DA2B6AAA5F0050EE0F /* Sources */,
				D18FA8DB2B6AAA5F0050EE0F /* Frameworks */,
				D18FA8DC2B6AAA5F0050EE0F /* Resources */,
			);
			buildRules = (
			);
			dependencies = (
				D18FA8E02B6AAA5F0050EE0F /* PBXTargetDependency */,
			);
			name = NetworkPlaygroundTests;
			productName = NetworkPlaygroundTests;
			productReference = D18FA8DE2B6AAA5F0050EE0F /* NetworkPlaygroundTests.xctest */;
			productType = "com.apple.product-type.bundle.unit-test";
		};
		D18FA8E72B6AAA5F0050EE0F /* NetworkPlaygroundUITests */ = {
			isa = PBXNativeTarget;
			buildConfigurationList = D18FA8F82B6AAA5F0050EE0F /* Build configuration list for PBXNativeTarget "NetworkPlaygroundUITests" */;
			buildPhases = (
				D18FA8E42B6AAA5F0050EE0F /* Sources */,
				D18FA8E52B6AAA5F0050EE0F /* Frameworks */,
				D18FA8E62B6AAA5F0050EE0F /* Resources */,
			);
			buildRules = (
			);
			dependencies = (
				D18FA8EA2B6AAA5F0050EE0F /* PBXTargetDependency */,
			);
			name = NetworkPlaygroundUITests;
			productName = NetworkPlaygroundUITests;
			productReference = D18FA8E82B6AAA5F0050EE0F /* NetworkPlaygroundUITests.xctest */;
			productType = "com.apple.product-type.bundle.ui-testing";
		};
/* End PBXNativeTarget section */

/* Begin PBXProject section */
		D18FA8C62B6AAA5B0050EE0F /* Project object */ = {
			isa = PBXProject;
			attributes = {
				BuildIndependentTargetsInParallel = 1;
				LastSwiftUpdateCheck = 1520;
				LastUpgradeCheck = 1520;
				TargetAttributes = {
					D18FA8CD2B6AAA5B0050EE0F = {
						CreatedOnToolsVersion = 15.2;
					};
					D18FA8DD2B6AAA5F0050EE0F = {
						CreatedOnToolsVersion = 15.2;
						TestTargetID = D18FA8CD2B6AAA5B0050EE0F;
					};
					D18FA8E72B6AAA5F0050EE0F = {
						CreatedOnToolsVersion = 15.2;
						TestTargetID = D18FA8CD2B6AAA5B0050EE0F;
					};
				};
			};
			buildConfigurationList = D18FA8C92B6AAA5B0050EE0F /* Build configuration list for PBXProject "NetworkPlayground" */;
			compatibilityVersion = "Xcode 14.0";
			developmentRegion = en;
			hasScannedForEncodings = 0;
			knownRegions = (
				en,
				Base,
			);
			mainGroup = D18FA8C52B6AAA5B0050EE0F;
			productRefGroup = D18FA8CF2B6AAA5B0050EE0F /* Products */;
			projectDirPath = "";
			projectRoot = "";
			targets = (
				D18FA8CD2B6AAA5B0050EE0F /* NetworkPlayground */,
				D18FA8DD2B6AAA5F0050EE0F /* NetworkPlaygroundTests */,
				D18FA8E72B6AAA5F0050EE0F /* NetworkPlaygroundUITests */,
			);
		};
/* End PBXProject section */

/* Begin PBXResourcesBuildPhase section */
		D18FA8CC2B6AAA5B0050EE0F /* Resources */ = {
			isa = PBXResourcesBuildPhase;
			buildActionMask = 2147483647;
			files = (
				D18FA8D92B6AAA5E0050EE0F /* Preview Assets.xcassets in Resources */,
				D18FA8D62B6AAA5E0050EE0F /* Assets.xcassets in Resources */,
			);
			runOnlyForDeploymentPostprocessing = 0;
		};
		D18FA8DC2B6AAA5F0050EE0F /* Resources */ = {
			isa = PBXResourcesBuildPhase;
			buildActionMask = 2147483647;
			files = (
			);
			runOnlyForDeploymentPostprocessing = 0;
		};
		D18FA8E62B6AAA5F0050EE0F /* Resources */ = {
			isa = PBXResourcesBuildPhase;
			buildActionMask = 2147483647;
			files = (
			);
			runOnlyForDeploymentPostprocessing = 0;
		};
/* End PBXResourcesBuildPhase section */

/* Begin PBXSourcesBuildPhase section */
		D18FA8CA2B6AAA5B0050EE0F /* Sources */ = {
			isa = PBXSourcesBuildPhase;
			buildActionMask = 2147483647;
			files = (
				D18FA8D42B6AAA5B0050EE0F /* ContentView.swift in Sources */,
				D18FA8D22B6AAA5B0050EE0F /* NetworkPlaygroundApp.swift in Sources */,
			);
			runOnlyForDeploymentPostprocessing = 0;
		};
		D18FA8DA2B6AAA5F0050EE0F /* Sources */ = {
			isa = PBXSourcesBuildPhase;
			buildActionMask = 2147483647;
			files = (
				D18FA8E32B6AAA5F0050EE0F /* NetworkPlaygroundTests.swift in Sources */,
			);
			runOnlyForDeploymentPostprocessing = 0;
		};
		D18FA8E42B6AAA5F0050EE0F /* Sources */ = {
			isa = PBXSourcesBuildPhase;
			buildActionMask = 2147483647;
			files = (
				D18FA8EF2B6AAA5F0050EE0F /* NetworkPlaygroundUITestsLaunchTests.swift in Sources */,
				D18FA8ED2B6AAA5F0050EE0F /* NetworkPlaygroundUITests.swift in Sources */,
			);
			runOnlyForDeploymentPostprocessing = 0;
		};
/* End PBXSourcesBuildPhase section */

/* Begin PBXTargetDependency section */
		D18FA8E02B6AAA5F0050EE0F /* PBXTargetDependency */ = {
			isa = PBXTargetDependency;
			target = D18FA8CD2B6AAA5B0050EE0F /* NetworkPlayground */;
			targetProxy = D18FA8DF2B6AAA5F0050EE0F /* PBXContainerItemProxy */;
		};
		D18FA8EA2B6AAA5F0050EE0F /* PBXTargetDependency */ = {
			isa = PBXTargetDependency;
			target = D18FA8CD2B6AAA5B0050EE0F /* NetworkPlayground */;
			targetProxy = D18FA8E92B6AAA5F0050EE0F /* PBXContainerItemProxy */;
		};
/* End PBXTargetDependency section */

/* Begin XCBuildConfiguration section */
		D18FA8F02B6AAA5F0050EE0F /* Debug */ = {
			isa = XCBuildConfiguration;
			buildSettings = {
				ALWAYS_SEARCH_USER_PATHS = NO;
				ASSETCATALOG_COMPILER_GENERATE_SWIFT_ASSET_SYMBOL_EXTENSIONS = YES;
				CLANG_ANALYZER_NONNULL = YES;
				CLANG_ANALYZER_NUMBER_OBJECT_CONVERSION = YES_AGGRESSIVE;
				CLANG_CXX_LANGUAGE_STANDARD = "gnu++20";
				CLANG_ENABLE_MODULES = YES;
				CLANG_ENABLE_OBJC_ARC = YES;
				CLANG_ENABLE_OBJC_WEAK = YES;
				CLANG_WARN_BLOCK_CAPTURE_AUTORELEASING = YES;
				CLANG_WARN_BOOL_CONVERSION = YES;
				CLANG_WARN_COMMA = YES;
				CLANG_WARN_CONSTANT_CONVERSION = YES;
				CLANG_WARN_DEPRECATED_OBJC_IMPLEMENTATIONS = YES;
				CLANG_WARN_DIRECT_OBJC_ISA_USAGE = YES_ERROR;
				CLANG_WARN_DOCUMENTATION_COMMENTS = YES;
				CLANG_WARN_EMPTY_BODY = YES;
				CLANG_WARN_ENUM_CONVERSION = YES;
				CLANG_WARN_INFINITE_RECURSION = YES;
				CLANG_WARN_INT_CONVERSION = YES;
				CLANG_WARN_NON_LITERAL_NULL_CONVERSION = YES;
				CLANG_WARN_OBJC_IMPLICIT_RETAIN_SELF = YES;
				CLANG_WARN_OBJC_LITERAL_CONVERSION = YES;
				CLANG_WARN_OBJC_ROOT_CLASS = YES_ERROR;
				CLANG_WARN_QUOTED_INCLUDE_IN_FRAMEWORK_HEADER = YES;
				CLANG_WARN_RANGE_LOOP_ANALYSIS = YES;
				CLANG_WARN_STRICT_PROTOTYPES = YES;
				CLANG_WARN_SUSPICIOUS_MOVE = YES;
				CLANG_WARN_UNGUARDED_AVAILABILITY = YES_AGGRESSIVE;
				CLANG_WARN_UNREACHABLE_CODE = YES;
				CLANG_WARN__DUPLICATE_METHOD_MATCH = YES;
				COPY_PHASE_STRIP = NO;
				DEBUG_INFORMATION_FORMAT = dwarf;
				ENABLE_STRICT_OBJC_MSGSEND = YES;
				ENABLE_TESTABILITY = YES;
				ENABLE_USER_SCRIPT_SANDBOXING = YES;
				GCC_C_LANGUAGE_STANDARD = gnu17;
				GCC_DYNAMIC_NO_PIC = NO;
				GCC_NO_COMMON_BLOCKS = YES;
				GCC_OPTIMIZATION_LEVEL = 0;
				GCC_PREPROCESSOR_DEFINITIONS = (
					"DEBUG=1",
					"$(inherited)",
				);
				GCC_WARN_64_TO_32_BIT_CONVERSION = YES;
				GCC_WARN_ABOUT_RETURN_TYPE = YES_ERROR;
				GCC_WARN_UNDECLARED_SELECTOR = YES;
				GCC_WARN_UNINITIALIZED_AUTOS = YES_AGGRESSIVE;
				GCC_WARN_UNUSED_FUNCTION = YES;
				GCC_WARN_UNUSED_VARIABLE = YES;
				IPHONEOS_DEPLOYMENT_TARGET = 17.2;
				LOCALIZATION_PREFERS_STRING_CATALOGS = YES;
				MTL_ENABLE_DEBUG_INFO = INCLUDE_SOURCE;
				MTL_FAST_MATH = YES;
				ONLY_ACTIVE_ARCH = YES;
				SDKROOT = iphoneos;
				SWIFT_ACTIVE_COMPILATION_CONDITIONS = "DEBUG $(inherited)";
				SWIFT_OPTIMIZATION_LEVEL = "-Onone";
			};
			name = Debug;
		};
		D18FA8F12B6AAA5F0050EE0F /* Release */ = {
			isa = XCBuildConfiguration;
			buildSettings = {
				ALWAYS_SEARCH_USER_PATHS = NO;
				ASSETCATALOG_COMPILER_GENERATE_SWIFT_ASSET_SYMBOL_EXTENSIONS = YES;
				CLANG_ANALYZER_NONNULL = YES;
				CLANG_ANALYZER_NUMBER_OBJECT_CONVERSION = YES_AGGRESSIVE;
				CLANG_CXX_LANGUAGE_STANDARD = "gnu++20";
				CLANG_ENABLE_MODULES = YES;
				CLANG_ENABLE_OBJC_ARC = YES;
				CLANG_ENABLE_OBJC_WEAK = YES;
				CLANG_WARN_BLOCK_CAPTURE_AUTORELEASING = YES;
				CLANG_WARN_BOOL_CONVERSION = YES;
				CLANG_WARN_COMMA = YES;
				CLANG_WARN_CONSTANT_CONVERSION = YES;
				CLANG_WARN_DEPRECATED_OBJC_IMPLEMENTATIONS = YES;
				CLANG_WARN_DIRECT_OBJC_ISA_USAGE = YES_ERROR;
				CLANG_WARN_DOCUMENTATION_COMMENTS = YES;
				CLANG_WARN_EMPTY_BODY = YES;
				CLANG_WARN_ENUM_CONVERSION = YES;
				CLANG_WARN_INFINITE_RECURSION = YES;
				CLANG_WARN_INT_CONVERSION = YES;
				CLANG_WARN_NON_LITERAL_NULL_CONVERSION = YES;
				CLANG_WARN_OBJC_IMPLICIT_RETAIN_SELF = YES;
				CLANG_WARN_OBJC_LITERAL_CONVERSION = YES;
				CLANG_WARN_OBJC_ROOT_CLASS = YES_ERROR;
				CLANG_WARN_QUOTED_INCLUDE_IN_FRAMEWORK_HEADER = YES;
				CLANG_WARN_RANGE_LOOP_ANALYSIS = YES;
				CLANG_WARN_STRICT_PROTOTYPES = YES;
				CLANG_WARN_SUSPICIOUS_MOVE = YES;
				CLANG_WARN_UNGUARDED_AVAILABILITY = YES_AGGRESSIVE;
				CLANG_WARN_UNREACHABLE_CODE = YES;
				CLANG_WARN__DUPLICATE_METHOD_MATCH = YES;
				COPY_PHASE_STRIP = NO;
				DEBUG_INFORMATION_FORMAT = "dwarf-with-dsym";
				ENABLE_NS_ASSERTIONS = NO;
				ENABLE_STRICT_OBJC_MSGSEND = YES;
				ENABLE_USER_SCRIPT_SANDBOXING = YES;
				GCC_C_LANGUAGE_STANDARD = gnu17;
				GCC_NO_COMMON_BLOCKS = YES;
				GCC_WARN_64_TO_32_BIT_CONVERSION = YES;
				GCC_WARN_ABOUT_RETURN_TYPE = YES_ERROR;
				GCC_WARN_UNDECLARED_SELECTOR = YES;
				GCC_WARN_UNINITIALIZED_AUTOS = YES_AGGRESSIVE;
				GCC_WARN_UNUSED_FUNCTION = YES;
				GCC_WARN_UNUSED_VARIABLE = YES;
				IPHONEOS_DEPLOYMENT_TARGET = 17.2;
				LOCALIZATION_PREFERS_STRING_CATALOGS = YES;
				MTL_ENABLE_DEBUG_INFO = NO;
				MTL_FAST_MATH = YES;
				SDKROOT = iphoneos;
				SWIFT_COMPILATION_MODE = wholemodule;
				VALIDATE_PRODUCT = YES;
			};
			name = Release;
		};
		D18FA8F32B6AAA5F0050EE0F /* Debug */ = {
			isa = XCBuildConfiguration;
			buildSettings = {
				ASSETCATALOG_COMPILER_APPICON_NAME = AppIcon;
				ASSETCATALOG_COMPILER_GLOBAL_ACCENT_COLOR_NAME = AccentColor;
				CODE_SIGN_STYLE = Automatic;
				CURRENT_PROJECT_VERSION = 1;
				DEVELOPMENT_ASSET_PATHS = "\"NetworkPlayground/Preview Content\"";
				DEVELOPMENT_TEAM = 568SNGB3DW;
				ENABLE_PREVIEWS = YES;
				GENERATE_INFOPLIST_FILE = YES;
				INFOPLIST_KEY_UIApplicationSceneManifest_Generation = YES;
				INFOPLIST_KEY_UIApplicationSupportsIndirectInputEvents = YES;
				INFOPLIST_KEY_UILaunchScreen_Generation = YES;
				INFOPLIST_KEY_UISupportedInterfaceOrientations_iPad = "UIInterfaceOrientationPortrait UIInterfaceOrientationPortraitUpsideDown UIInterfaceOrientationLandscapeLeft UIInterfaceOrientationLandscapeRight";
				INFOPLIST_KEY_UISupportedInterfaceOrientations_iPhone = "UIInterfaceOrientationPortrait UIInterfaceOrientationLandscapeLeft UIInterfaceOrientationLandscapeRight";
				LD_RUNPATH_SEARCH_PATHS = (
					"$(inherited)",
					"@executable_path/Frameworks",
				);
				MARKETING_VERSION = 1.0;
				PRODUCT_BUNDLE_IDENTIFIER = "Simple-Project.NetworkPlayground";
				PRODUCT_NAME = "$(TARGET_NAME)";
				SWIFT_EMIT_LOC_STRINGS = YES;
				SWIFT_VERSION = 5.0;
				TARGETED_DEVICE_FAMILY = "1,2";
			};
			name = Debug;
		};
		D18FA8F42B6AAA5F0050EE0F /* Release */ = {
			isa = XCBuildConfiguration;
			buildSettings = {
				ASSETCATALOG_COMPILER_APPICON_NAME = AppIcon;
				ASSETCATALOG_COMPILER_GLOBAL_ACCENT_COLOR_NAME = AccentColor;
				CODE_SIGN_STYLE = Automatic;
				CURRENT_PROJECT_VERSION = 1;
				DEVELOPMENT_ASSET_PATHS = "\"NetworkPlayground/Preview Content\"";
				DEVELOPMENT_TEAM = 568SNGB3DW;
				ENABLE_PREVIEWS = YES;
				GENERATE_INFOPLIST_FILE = YES;
				INFOPLIST_KEY_UIApplicationSceneManifest_Generation = YES;
				INFOPLIST_KEY_UIApplicationSupportsIndirectInputEvents = YES;
				INFOPLIST_KEY_UILaunchScreen_Generation = YES;
				INFOPLIST_KEY_UISupportedInterfaceOrientations_iPad = "UIInterfaceOrientationPortrait UIInterfaceOrientationPortraitUpsideDown UIInterfaceOrientationLandscapeLeft UIInterfaceOrientationLandscapeRight";
				INFOPLIST_KEY_UISupportedInterfaceOrientations_iPhone = "UIInterfaceOrientationPortrait UIInterfaceOrientationLandscapeLeft UIInterfaceOrientationLandscapeRight";
				LD_RUNPATH_SEARCH_PATHS = (
					"$(inherited)",
					"@executable_path/Frameworks",
				);
				MARKETING_VERSION = 1.0;
				PRODUCT_BUNDLE_IDENTIFIER = "Simple-Project.NetworkPlayground";
				PRODUCT_NAME = "$(TARGET_NAME)";
				SWIFT_EMIT_LOC_STRINGS = YES;
				SWIFT_VERSION = 5.0;
				TARGETED_DEVICE_FAMILY = "1,2";
			};
			name = Release;
		};
		D18FA8F62B6AAA5F0050EE0F /* Debug */ = {
			isa = XCBuildConfiguration;
			buildSettings = {
				ALWAYS_EMBED_SWIFT_STANDARD_LIBRARIES = YES;
				BUNDLE_LOADER = "$(TEST_HOST)";
				CODE_SIGN_STYLE = Automatic;
				CURRENT_PROJECT_VERSION = 1;
				DEVELOPMENT_TEAM = 568SNGB3DW;
				GENERATE_INFOPLIST_FILE = YES;
				IPHONEOS_DEPLOYMENT_TARGET = 17.2;
				MARKETING_VERSION = 1.0;
				PRODUCT_BUNDLE_IDENTIFIER = "Simple-Project.NetworkPlaygroundTests";
				PRODUCT_NAME = "$(TARGET_NAME)";
				SWIFT_EMIT_LOC_STRINGS = NO;
				SWIFT_VERSION = 5.0;
				TARGETED_DEVICE_FAMILY = "1,2";
				TEST_HOST = "$(BUILT_PRODUCTS_DIR)/NetworkPlayground.app/$(BUNDLE_EXECUTABLE_FOLDER_PATH)/NetworkPlayground";
			};
			name = Debug;
		};
		D18FA8F72B6AAA5F0050EE0F /* Release */ = {
			isa = XCBuildConfiguration;
			buildSettings = {
				ALWAYS_EMBED_SWIFT_STANDARD_LIBRARIES = YES;
				BUNDLE_LOADER = "$(TEST_HOST)";
				CODE_SIGN_STYLE = Automatic;
				CURRENT_PROJECT_VERSION = 1;
				DEVELOPMENT_TEAM = 568SNGB3DW;
				GENERATE_INFOPLIST_FILE = YES;
				IPHONEOS_DEPLOYMENT_TARGET = 17.2;
				MARKETING_VERSION = 1.0;
				PRODUCT_BUNDLE_IDENTIFIER = "Simple-Project.NetworkPlaygroundTests";
				PRODUCT_NAME = "$(TARGET_NAME)";
				SWIFT_EMIT_LOC_STRINGS = NO;
				SWIFT_VERSION = 5.0;
				TARGETED_DEVICE_FAMILY = "1,2";
				TEST_HOST = "$(BUILT_PRODUCTS_DIR)/NetworkPlayground.app/$(BUNDLE_EXECUTABLE_FOLDER_PATH)/NetworkPlayground";
			};
			name = Release;
		};
		D18FA8F92B6AAA5F0050EE0F /* Debug */ = {
			isa = XCBuildConfiguration;
			buildSettings = {
				ALWAYS_EMBED_SWIFT_STANDARD_LIBRARIES = YES;
				CODE_SIGN_STYLE = Automatic;
				CURRENT_PROJECT_VERSION = 1;
				DEVELOPMENT_TEAM = 568SNGB3DW;
				GENERATE_INFOPLIST_FILE = YES;
				MARKETING_VERSION = 1.0;
				PRODUCT_BUNDLE_IDENTIFIER = "Simple-Project.NetworkPlaygroundUITests";
				PRODUCT_NAME = "$(TARGET_NAME)";
				SWIFT_EMIT_LOC_STRINGS = NO;
				SWIFT_VERSION = 5.0;
				TARGETED_DEVICE_FAMILY = "1,2";
				TEST_TARGET_NAME = NetworkPlayground;
			};
			name = Debug;
		};
		D18FA8FA2B6AAA5F0050EE0F /* Release */ = {
			isa = XCBuildConfiguration;
			buildSettings = {
				ALWAYS_EMBED_SWIFT_STANDARD_LIBRARIES = YES;
				CODE_SIGN_STYLE = Automatic;
				CURRENT_PROJECT_VERSION = 1;
				DEVELOPMENT_TEAM = 568SNGB3DW;
				GENERATE_INFOPLIST_FILE = YES;
				MARKETING_VERSION = 1.0;
				PRODUCT_BUNDLE_IDENTIFIER = "Simple-Project.NetworkPlaygroundUITests";
				PRODUCT_NAME = "$(TARGET_NAME)";
				SWIFT_EMIT_LOC_STRINGS = NO;
				SWIFT_VERSION = 5.0;
				TARGETED_DEVICE_FAMILY = "1,2";
				TEST_TARGET_NAME = NetworkPlayground;
			};
			name = Release;
		};
/* End XCBuildConfiguration section */

/* Begin XCConfigurationList section */
		D18FA8C92B6AAA5B0050EE0F /* Build configuration list for PBXProject "NetworkPlayground" */ = {
			isa = XCConfigurationList;
			buildConfigurations = (
				D18FA8F02B6AAA5F0050EE0F /* Debug */,
				D18FA8F12B6AAA5F0050EE0F /* Release */,
			);
			defaultConfigurationIsVisible = 0;
			defaultConfigurationName = Release;
		};
		D18FA8F22B6AAA5F0050EE0F /* Build configuration list for PBXNativeTarget "NetworkPlayground" */ = {
			isa = XCConfigurationList;
			buildConfigurations = (
				D18FA8F32B6AAA5F0050EE0F /* Debug */,
				D18FA8F42B6AAA5F0050EE0F /* Release */,
			);
			defaultConfigurationIsVisible = 0;
			defaultConfigurationName = Release;
		};
		D18FA8F52B6AAA5F0050EE0F /* Build configuration list for PBXNativeTarget "NetworkPlaygroundTests" */ = {
			isa = XCConfigurationList;
			buildConfigurations = (
				D18FA8F62B6AAA5F0050EE0F /* Debug */,
				D18FA8F72B6AAA5F0050EE0F /* Release */,
			);
			defaultConfigurationIsVisible = 0;
			defaultConfigurationName = Release;
		};
		D18FA8F82B6AAA5F0050EE0F /* Build configuration list for PBXNativeTarget "NetworkPlaygroundUITests" */ = {
			isa = XCConfigurationList;
			buildConfigurations = (
				D18FA8F92B6AAA5F0050EE0F /* Debug */,
				D18FA8FA2B6AAA5F0050EE0F /* Release */,
			);
			defaultConfigurationIsVisible = 0;
			defaultConfigurationName = Release;
		};
/* End XCConfigurationList section */
	};
	rootObject = D18FA8C62B6AAA5B0050EE0F /* Project object */;
}
