// !$*UTF8*$!
{
	archiveVersion = 1;
	classes = {
	};
	objectVersion = 56;
	objects = {

/* Begin PBXBuildFile section */
		D1019C442B60B98A002213F2 /* DetailView.swift in Sources */ = {isa = PBXBuildFile; fileRef = D1019C432B60B98A002213F2 /* DetailView.swift */; };
		D1019C462B60C3E8002213F2 /* AFButton.swift in Sources */ = {isa = PBXBuildFile; fileRef = D1019C452B60C3E8002213F2 /* AFButton.swift */; };
		D1019C482B615E10002213F2 /* FrameWorkGridViewModel.swift in Sources */ = {isa = PBXBuildFile; fileRef = D1019C472B615E10002213F2 /* FrameWorkGridViewModel.swift */; };
		D1019C4A2B617AC3002213F2 /* SafariView.swift in Sources */ = {isa = PBXBuildFile; fileRef = D1019C492B617AC3002213F2 /* SafariView.swift */; };
		D15D40BF2B5E9C8100B6A5BF /* FramWorkApp.swift in Sources */ = {isa = PBXBuildFile; fileRef = D15D40BE2B5E9C8100B6A5BF /* FramWorkApp.swift */; };
		D15D40C32B5E9C8400B6A5BF /* Assets.xcassets in Resources */ = {isa = PBXBuildFile; fileRef = D15D40C22B5E9C8400B6A5BF /* Assets.xcassets */; };
		D15D40C62B5E9C8400B6A5BF /* Preview Assets.xcassets in Resources */ = {isa = PBXBuildFile; fileRef = D15D40C52B5E9C8400B6A5BF /* Preview Assets.xcassets */; };
		D15D40D02B5E9C8400B6A5BF /* FramWorkTests.swift in Sources */ = {isa = PBXBuildFile; fileRef = D15D40CF2B5E9C8400B6A5BF /* FramWorkTests.swift */; };
		D15D40DA2B5E9C8400B6A5BF /* FramWorkUITests.swift in Sources */ = {isa = PBXBuildFile; fileRef = D15D40D92B5E9C8400B6A5BF /* FramWorkUITests.swift */; };
		D15D40DC2B5E9C8400B6A5BF /* FramWorkUITestsLaunchTests.swift in Sources */ = {isa = PBXBuildFile; fileRef = D15D40DB2B5E9C8400B6A5BF /* FramWorkUITestsLaunchTests.swift */; };
		D15D40E92B5EA02400B6A5BF /* FrameWork.swift in Sources */ = {isa = PBXBuildFile; fileRef = D15D40E82B5EA02400B6A5BF /* FrameWork.swift */; };
		D15D40EF2B5EA29900B6A5BF /* FrameWorkGridView.swift in Sources */ = {isa = PBXBuildFile; fileRef = D15D40EE2B5EA29900B6A5BF /* FrameWorkGridView.swift */; };
/* End PBXBuildFile section */

/* Begin PBXContainerItemProxy section */
		D15D40CC2B5E9C8400B6A5BF /* PBXContainerItemProxy */ = {
			isa = PBXContainerItemProxy;
			containerPortal = D15D40B32B5E9C8100B6A5BF /* Project object */;
			proxyType = 1;
			remoteGlobalIDString = D15D40BA2B5E9C8100B6A5BF;
			remoteInfo = FramWork;
		};
		D15D40D62B5E9C8400B6A5BF /* PBXContainerItemProxy */ = {
			isa = PBXContainerItemProxy;
			containerPortal = D15D40B32B5E9C8100B6A5BF /* Project object */;
			proxyType = 1;
			remoteGlobalIDString = D15D40BA2B5E9C8100B6A5BF;
			remoteInfo = FramWork;
		};
/* End PBXContainerItemProxy section */

/* Begin PBXFileReference section */
		D1019C432B60B98A002213F2 /* DetailView.swift */ = {isa = PBXFileReference; lastKnownFileType = sourcecode.swift; path = DetailView.swift; sourceTree = "<group>"; };
		D1019C452B60C3E8002213F2 /* AFButton.swift */ = {isa = PBXFileReference; lastKnownFileType = sourcecode.swift; path = AFButton.swift; sourceTree = "<group>"; };
		D1019C472B615E10002213F2 /* FrameWorkGridViewModel.swift */ = {isa = PBXFileReference; lastKnownFileType = sourcecode.swift; path = FrameWorkGridViewModel.swift; sourceTree = "<group>"; };
		D1019C492B617AC3002213F2 /* SafariView.swift */ = {isa = PBXFileReference; lastKnownFileType = sourcecode.swift; path = SafariView.swift; sourceTree = "<group>"; };
		D15D40BB2B5E9C8100B6A5BF /* FramWork.app */ = {isa = PBXFileReference; explicitFileType = wrapper.application; includeInIndex = 0; path = FramWork.app; sourceTree = BUILT_PRODUCTS_DIR; };
		D15D40BE2B5E9C8100B6A5BF /* FramWorkApp.swift */ = {isa = PBXFileReference; lastKnownFileType = sourcecode.swift; path = FramWorkApp.swift; sourceTree = "<group>"; };
		D15D40C22B5E9C8400B6A5BF /* Assets.xcassets */ = {isa = PBXFileReference; lastKnownFileType = folder.assetcatalog; path = Assets.xcassets; sourceTree = "<group>"; };
		D15D40C52B5E9C8400B6A5BF /* Preview Assets.xcassets */ = {isa = PBXFileReference; lastKnownFileType = folder.assetcatalog; path = "Preview Assets.xcassets"; sourceTree = "<group>"; };
		D15D40CB2B5E9C8400B6A5BF /* FramWorkTests.xctest */ = {isa = PBXFileReference; explicitFileType = wrapper.cfbundle; includeInIndex = 0; path = FramWorkTests.xctest; sourceTree = BUILT_PRODUCTS_DIR; };
		D15D40CF2B5E9C8400B6A5BF /* FramWorkTests.swift */ = {isa = PBXFileReference; lastKnownFileType = sourcecode.swift; path = FramWorkTests.swift; sourceTree = "<group>"; };
		D15D40D52B5E9C8400B6A5BF /* FramWorkUITests.xctest */ = {isa = PBXFileReference; explicitFileType = wrapper.cfbundle; includeInIndex = 0; path = FramWorkUITests.xctest; sourceTree = BUILT_PRODUCTS_DIR; };
		D15D40D92B5E9C8400B6A5BF /* FramWorkUITests.swift */ = {isa = PBXFileReference; lastKnownFileType = sourcecode.swift; path = FramWorkUITests.swift; sourceTree = "<group>"; };
		D15D40DB2B5E9C8400B6A5BF /* FramWorkUITestsLaunchTests.swift */ = {isa = PBXFileReference; lastKnownFileType = sourcecode.swift; path = FramWorkUITestsLaunchTests.swift; sourceTree = "<group>"; };
		D15D40E82B5EA02400B6A5BF /* FrameWork.swift */ = {isa = PBXFileReference; lastKnownFileType = sourcecode.swift; path = FrameWork.swift; sourceTree = "<group>"; };
		D15D40EE2B5EA29900B6A5BF /* FrameWorkGridView.swift */ = {isa = PBXFileReference; lastKnownFileType = sourcecode.swift; path = FrameWorkGridView.swift; sourceTree = "<group>"; };
/* End PBXFileReference section */

/* Begin PBXFrameworksBuildPhase section */
		D15D40B82B5E9C8100B6A5BF /* Frameworks */ = {
			isa = PBXFrameworksBuildPhase;
			buildActionMask = 2147483647;
			files = (
			);
			runOnlyForDeploymentPostprocessing = 0;
		};
		D15D40C82B5E9C8400B6A5BF /* Frameworks */ = {
			isa = PBXFrameworksBuildPhase;
			buildActionMask = 2147483647;
			files = (
			);
			runOnlyForDeploymentPostprocessing = 0;
		};
		D15D40D22B5E9C8400B6A5BF /* Frameworks */ = {
			isa = PBXFrameworksBuildPhase;
			buildActionMask = 2147483647;
			files = (
			);
			runOnlyForDeploymentPostprocessing = 0;
		};
/* End PBXFrameworksBuildPhase section */

/* Begin PBXGroup section */
		D15D40B22B5E9C8100B6A5BF = {
			isa = PBXGroup;
			children = (
				D15D40BD2B5E9C8100B6A5BF /* FramWork */,
				D15D40CE2B5E9C8400B6A5BF /* FramWorkTests */,
				D15D40D82B5E9C8400B6A5BF /* FramWorkUITests */,
				D15D40BC2B5E9C8100B6A5BF /* Products */,
			);
			sourceTree = "<group>";
		};
		D15D40BC2B5E9C8100B6A5BF /* Products */ = {
			isa = PBXGroup;
			children = (
				D15D40BB2B5E9C8100B6A5BF /* FramWork.app */,
				D15D40CB2B5E9C8400B6A5BF /* FramWorkTests.xctest */,
				D15D40D52B5E9C8400B6A5BF /* FramWorkUITests.xctest */,
			);
			name = Products;
			sourceTree = "<group>";
		};
		D15D40BD2B5E9C8100B6A5BF /* FramWork */ = {
			isa = PBXGroup;
			children = (
				D196DC882B6C8FCF002646D4 /* FrameWorks */,
				D196DC852B6C8F85002646D4 /* Detaill Views  */,
				D196DC872B6C8FB7002646D4 /* Assests */,
				D15D40C42B5E9C8400B6A5BF /* Preview Content */,
			);
			path = FramWork;
			sourceTree = "<group>";
		};
		D15D40C42B5E9C8400B6A5BF /* Preview Content */ = {
			isa = PBXGroup;
			children = (
				D15D40C52B5E9C8400B6A5BF /* Preview Assets.xcassets */,
			);
			path = "Preview Content";
			sourceTree = "<group>";
		};
		D15D40CE2B5E9C8400B6A5BF /* FramWorkTests */ = {
			isa = PBXGroup;
			children = (
				D15D40CF2B5E9C8400B6A5BF /* FramWorkTests.swift */,
			);
			path = FramWorkTests;
			sourceTree = "<group>";
		};
		D15D40D82B5E9C8400B6A5BF /* FramWorkUITests */ = {
			isa = PBXGroup;
			children = (
				D15D40D92B5E9C8400B6A5BF /* FramWorkUITests.swift */,
				D15D40DB2B5E9C8400B6A5BF /* FramWorkUITestsLaunchTests.swift */,
			);
			path = FramWorkUITests;
			sourceTree = "<group>";
		};
		D196DC852B6C8F85002646D4 /* Detaill Views  */ = {
			isa = PBXGroup;
			children = (
				D1019C492B617AC3002213F2 /* SafariView.swift */,
				D1019C452B60C3E8002213F2 /* AFButton.swift */,
				D1019C432B60B98A002213F2 /* DetailView.swift */,
			);
			path = "Detaill Views ";
			sourceTree = "<group>";
		};
		D196DC872B6C8FB7002646D4 /* Assests */ = {
			isa = PBXGroup;
			children = (
				D15D40C22B5E9C8400B6A5BF /* Assets.xcassets */,
			);
			path = Assests;
			sourceTree = "<group>";
		};
		D196DC882B6C8FCF002646D4 /* FrameWorks */ = {
			isa = PBXGroup;
			children = (
				D15D40BE2B5E9C8100B6A5BF /* FramWorkApp.swift */,
				D15D40EE2B5EA29900B6A5BF /* FrameWorkGridView.swift */,
				D1019C472B615E10002213F2 /* FrameWorkGridViewModel.swift */,
				D15D40E82B5EA02400B6A5BF /* FrameWork.swift */,
			);
			path = FrameWorks;
			sourceTree = "<group>";
		};
/* End PBXGroup section */

/* Begin PBXNativeTarget section */
		D15D40BA2B5E9C8100B6A5BF /* FramWork */ = {
			isa = PBXNativeTarget;
			buildConfigurationList = D15D40DF2B5E9C8400B6A5BF /* Build configuration list for PBXNativeTarget "FramWork" */;
			buildPhases = (
				D15D40B72B5E9C8100B6A5BF /* Sources */,
				D15D40B82B5E9C8100B6A5BF /* Frameworks */,
				D15D40B92B5E9C8100B6A5BF /* Resources */,
			);
			buildRules = (
			);
			dependencies = (
			);
			name = FramWork;
			productName = FramWork;
			productReference = D15D40BB2B5E9C8100B6A5BF /* FramWork.app */;
			productType = "com.apple.product-type.application";
		};
		D15D40CA2B5E9C8400B6A5BF /* FramWorkTests */ = {
			isa = PBXNativeTarget;
			buildConfigurationList = D15D40E22B5E9C8400B6A5BF /* Build configuration list for PBXNativeTarget "FramWorkTests" */;
			buildPhases = (
				D15D40C72B5E9C8400B6A5BF /* Sources */,
				D15D40C82B5E9C8400B6A5BF /* Frameworks */,
				D15D40C92B5E9C8400B6A5BF /* Resources */,
			);
			buildRules = (
			);
			dependencies = (
				D15D40CD2B5E9C8400B6A5BF /* PBXTargetDependency */,
			);
			name = FramWorkTests;
			productName = FramWorkTests;
			productReference = D15D40CB2B5E9C8400B6A5BF /* FramWorkTests.xctest */;
			productType = "com.apple.product-type.bundle.unit-test";
		};
		D15D40D42B5E9C8400B6A5BF /* FramWorkUITests */ = {
			isa = PBXNativeTarget;
			buildConfigurationList = D15D40E52B5E9C8400B6A5BF /* Build configuration list for PBXNativeTarget "FramWorkUITests" */;
			buildPhases = (
				D15D40D12B5E9C8400B6A5BF /* Sources */,
				D15D40D22B5E9C8400B6A5BF /* Frameworks */,
				D15D40D32B5E9C8400B6A5BF /* Resources */,
			);
			buildRules = (
			);
			dependencies = (
				D15D40D72B5E9C8400B6A5BF /* PBXTargetDependency */,
			);
			name = FramWorkUITests;
			productName = FramWorkUITests;
			productReference = D15D40D52B5E9C8400B6A5BF /* FramWorkUITests.xctest */;
			productType = "com.apple.product-type.bundle.ui-testing";
		};
/* End PBXNativeTarget section */

/* Begin PBXProject section */
		D15D40B32B5E9C8100B6A5BF /* Project object */ = {
			isa = PBXProject;
			attributes = {
				BuildIndependentTargetsInParallel = 1;
				LastSwiftUpdateCheck = 1520;
				LastUpgradeCheck = 1520;
				TargetAttributes = {
					D15D40BA2B5E9C8100B6A5BF = {
						CreatedOnToolsVersion = 15.2;
					};
					D15D40CA2B5E9C8400B6A5BF = {
						CreatedOnToolsVersion = 15.2;
						TestTargetID = D15D40BA2B5E9C8100B6A5BF;
					};
					D15D40D42B5E9C8400B6A5BF = {
						CreatedOnToolsVersion = 15.2;
						TestTargetID = D15D40BA2B5E9C8100B6A5BF;
					};
				};
			};
			buildConfigurationList = D15D40B62B5E9C8100B6A5BF /* Build configuration list for PBXProject "FramWork" */;
			compatibilityVersion = "Xcode 14.0";
			developmentRegion = en;
			hasScannedForEncodings = 0;
			knownRegions = (
				en,
				Base,
			);
			mainGroup = D15D40B22B5E9C8100B6A5BF;
			productRefGroup = D15D40BC2B5E9C8100B6A5BF /* Products */;
			projectDirPath = "";
			projectRoot = "";
			targets = (
				D15D40BA2B5E9C8100B6A5BF /* FramWork */,
				D15D40CA2B5E9C8400B6A5BF /* FramWorkTests */,
				D15D40D42B5E9C8400B6A5BF /* FramWorkUITests */,
			);
		};
/* End PBXProject section */

/* Begin PBXResourcesBuildPhase section */
		D15D40B92B5E9C8100B6A5BF /* Resources */ = {
			isa = PBXResourcesBuildPhase;
			buildActionMask = 2147483647;
			files = (
				D15D40C62B5E9C8400B6A5BF /* Preview Assets.xcassets in Resources */,
				D15D40C32B5E9C8400B6A5BF /* Assets.xcassets in Resources */,
			);
			runOnlyForDeploymentPostprocessing = 0;
		};
		D15D40C92B5E9C8400B6A5BF /* Resources */ = {
			isa = PBXResourcesBuildPhase;
			buildActionMask = 2147483647;
			files = (
			);
			runOnlyForDeploymentPostprocessing = 0;
		};
		D15D40D32B5E9C8400B6A5BF /* Resources */ = {
			isa = PBXResourcesBuildPhase;
			buildActionMask = 2147483647;
			files = (
			);
			runOnlyForDeploymentPostprocessing = 0;
		};
/* End PBXResourcesBuildPhase section */

/* Begin PBXSourcesBuildPhase section */
		D15D40B72B5E9C8100B6A5BF /* Sources */ = {
			isa = PBXSourcesBuildPhase;
			buildActionMask = 2147483647;
			files = (
				D15D40EF2B5EA29900B6A5BF /* FrameWorkGridView.swift in Sources */,
				D1019C482B615E10002213F2 /* FrameWorkGridViewModel.swift in Sources */,
				D1019C442B60B98A002213F2 /* DetailView.swift in Sources */,
				D15D40E92B5EA02400B6A5BF /* FrameWork.swift in Sources */,
				D1019C462B60C3E8002213F2 /* AFButton.swift in Sources */,
				D15D40BF2B5E9C8100B6A5BF /* FramWorkApp.swift in Sources */,
				D1019C4A2B617AC3002213F2 /* SafariView.swift in Sources */,
			);
			runOnlyForDeploymentPostprocessing = 0;
		};
		D15D40C72B5E9C8400B6A5BF /* Sources */ = {
			isa = PBXSourcesBuildPhase;
			buildActionMask = 2147483647;
			files = (
				D15D40D02B5E9C8400B6A5BF /* FramWorkTests.swift in Sources */,
			);
			runOnlyForDeploymentPostprocessing = 0;
		};
		D15D40D12B5E9C8400B6A5BF /* Sources */ = {
			isa = PBXSourcesBuildPhase;
			buildActionMask = 2147483647;
			files = (
				D15D40DC2B5E9C8400B6A5BF /* FramWorkUITestsLaunchTests.swift in Sources */,
				D15D40DA2B5E9C8400B6A5BF /* FramWorkUITests.swift in Sources */,
			);
			runOnlyForDeploymentPostprocessing = 0;
		};
/* End PBXSourcesBuildPhase section */

/* Begin PBXTargetDependency section */
		D15D40CD2B5E9C8400B6A5BF /* PBXTargetDependency */ = {
			isa = PBXTargetDependency;
			target = D15D40BA2B5E9C8100B6A5BF /* FramWork */;
			targetProxy = D15D40CC2B5E9C8400B6A5BF /* PBXContainerItemProxy */;
		};
		D15D40D72B5E9C8400B6A5BF /* PBXTargetDependency */ = {
			isa = PBXTargetDependency;
			target = D15D40BA2B5E9C8100B6A5BF /* FramWork */;
			targetProxy = D15D40D62B5E9C8400B6A5BF /* PBXContainerItemProxy */;
		};
/* End PBXTargetDependency section */

/* Begin XCBuildConfiguration section */
		D15D40DD2B5E9C8400B6A5BF /* Debug */ = {
			isa = XCBuildConfiguration;
			buildSettings = {
				ALWAYS_SEARCH_USER_PATHS = NO;
				ASSETCATALOG_COMPILER_GENERATE_SWIFT_ASSET_SYMBOL_EXTENSIONS = YES;
				CLANG_ANALYZER_NONNULL = YES;
				CLANG_ANALYZER_NUMBER_OBJECT_CONVERSION = YES_AGGRESSIVE;
				CLANG_CXX_LANGUAGE_STANDARD = "gnu++20";
				CLANG_ENABLE_MODULES = YES;
				CLANG_ENABLE_OBJC_ARC = YES;
				CLANG_ENABLE_OBJC_WEAK = YES;
				CLANG_WARN_BLOCK_CAPTURE_AUTORELEASING = YES;
				CLANG_WARN_BOOL_CONVERSION = YES;
				CLANG_WARN_COMMA = YES;
				CLANG_WARN_CONSTANT_CONVERSION = YES;
				CLANG_WARN_DEPRECATED_OBJC_IMPLEMENTATIONS = YES;
				CLANG_WARN_DIRECT_OBJC_ISA_USAGE = YES_ERROR;
				CLANG_WARN_DOCUMENTATION_COMMENTS = YES;
				CLANG_WARN_EMPTY_BODY = YES;
				CLANG_WARN_ENUM_CONVERSION = YES;
				CLANG_WARN_INFINITE_RECURSION = YES;
				CLANG_WARN_INT_CONVERSION = YES;
				CLANG_WARN_NON_LITERAL_NULL_CONVERSION = YES;
				CLANG_WARN_OBJC_IMPLICIT_RETAIN_SELF = YES;
				CLANG_WARN_OBJC_LITERAL_CONVERSION = YES;
				CLANG_WARN_OBJC_ROOT_CLASS = YES_ERROR;
				CLANG_WARN_QUOTED_INCLUDE_IN_FRAMEWORK_HEADER = YES;
				CLANG_WARN_RANGE_LOOP_ANALYSIS = YES;
				CLANG_WARN_STRICT_PROTOTYPES = YES;
				CLANG_WARN_SUSPICIOUS_MOVE = YES;
				CLANG_WARN_UNGUARDED_AVAILABILITY = YES_AGGRESSIVE;
				CLANG_WARN_UNREACHABLE_CODE = YES;
				CLANG_WARN__DUPLICATE_METHOD_MATCH = YES;
				COPY_PHASE_STRIP = NO;
				DEBUG_INFORMATION_FORMAT = dwarf;
				ENABLE_STRICT_OBJC_MSGSEND = YES;
				ENABLE_TESTABILITY = YES;
				ENABLE_USER_SCRIPT_SANDBOXING = YES;
				GCC_C_LANGUAGE_STANDARD = gnu17;
				GCC_DYNAMIC_NO_PIC = NO;
				GCC_NO_COMMON_BLOCKS = YES;
				GCC_OPTIMIZATION_LEVEL = 0;
				GCC_PREPROCESSOR_DEFINITIONS = (
					"DEBUG=1",
					"$(inherited)",
				);
				GCC_WARN_64_TO_32_BIT_CONVERSION = YES;
				GCC_WARN_ABOUT_RETURN_TYPE = YES_ERROR;
				GCC_WARN_UNDECLARED_SELECTOR = YES;
				GCC_WARN_UNINITIALIZED_AUTOS = YES_AGGRESSIVE;
				GCC_WARN_UNUSED_FUNCTION = YES;
				GCC_WARN_UNUSED_VARIABLE = YES;
				IPHONEOS_DEPLOYMENT_TARGET = 17.2;
				LOCALIZATION_PREFERS_STRING_CATALOGS = YES;
				MTL_ENABLE_DEBUG_INFO = INCLUDE_SOURCE;
				MTL_FAST_MATH = YES;
				ONLY_ACTIVE_ARCH = YES;
				SDKROOT = iphoneos;
				SWIFT_ACTIVE_COMPILATION_CONDITIONS = "DEBUG $(inherited)";
				SWIFT_OPTIMIZATION_LEVEL = "-Onone";
			};
			name = Debug;
		};
		D15D40DE2B5E9C8400B6A5BF /* Release */ = {
			isa = XCBuildConfiguration;
			buildSettings = {
				ALWAYS_SEARCH_USER_PATHS = NO;
				ASSETCATALOG_COMPILER_GENERATE_SWIFT_ASSET_SYMBOL_EXTENSIONS = YES;
				CLANG_ANALYZER_NONNULL = YES;
				CLANG_ANALYZER_NUMBER_OBJECT_CONVERSION = YES_AGGRESSIVE;
				CLANG_CXX_LANGUAGE_STANDARD = "gnu++20";
				CLANG_ENABLE_MODULES = YES;
				CLANG_ENABLE_OBJC_ARC = YES;
				CLANG_ENABLE_OBJC_WEAK = YES;
				CLANG_WARN_BLOCK_CAPTURE_AUTORELEASING = YES;
				CLANG_WARN_BOOL_CONVERSION = YES;
				CLANG_WARN_COMMA = YES;
				CLANG_WARN_CONSTANT_CONVERSION = YES;
				CLANG_WARN_DEPRECATED_OBJC_IMPLEMENTATIONS = YES;
				CLANG_WARN_DIRECT_OBJC_ISA_USAGE = YES_ERROR;
				CLANG_WARN_DOCUMENTATION_COMMENTS = YES;
				CLANG_WARN_EMPTY_BODY = YES;
				CLANG_WARN_ENUM_CONVERSION = YES;
				CLANG_WARN_INFINITE_RECURSION = YES;
				CLANG_WARN_INT_CONVERSION = YES;
				CLANG_WARN_NON_LITERAL_NULL_CONVERSION = YES;
				CLANG_WARN_OBJC_IMPLICIT_RETAIN_SELF = YES;
				CLANG_WARN_OBJC_LITERAL_CONVERSION = YES;
				CLANG_WARN_OBJC_ROOT_CLASS = YES_ERROR;
				CLANG_WARN_QUOTED_INCLUDE_IN_FRAMEWORK_HEADER = YES;
				CLANG_WARN_RANGE_LOOP_ANALYSIS = YES;
				CLANG_WARN_STRICT_PROTOTYPES = YES;
				CLANG_WARN_SUSPICIOUS_MOVE = YES;
				CLANG_WARN_UNGUARDED_AVAILABILITY = YES_AGGRESSIVE;
				CLANG_WARN_UNREACHABLE_CODE = YES;
				CLANG_WARN__DUPLICATE_METHOD_MATCH = YES;
				COPY_PHASE_STRIP = NO;
				DEBUG_INFORMATION_FORMAT = "dwarf-with-dsym";
				ENABLE_NS_ASSERTIONS = NO;
				ENABLE_STRICT_OBJC_MSGSEND = YES;
				ENABLE_USER_SCRIPT_SANDBOXING = YES;
				GCC_C_LANGUAGE_STANDARD = gnu17;
				GCC_NO_COMMON_BLOCKS = YES;
				GCC_WARN_64_TO_32_BIT_CONVERSION = YES;
				GCC_WARN_ABOUT_RETURN_TYPE = YES_ERROR;
				GCC_WARN_UNDECLARED_SELECTOR = YES;
				GCC_WARN_UNINITIALIZED_AUTOS = YES_AGGRESSIVE;
				GCC_WARN_UNUSED_FUNCTION = YES;
				GCC_WARN_UNUSED_VARIABLE = YES;
				IPHONEOS_DEPLOYMENT_TARGET = 17.2;
				LOCALIZATION_PREFERS_STRING_CATALOGS = YES;
				MTL_ENABLE_DEBUG_INFO = NO;
				MTL_FAST_MATH = YES;
				SDKROOT = iphoneos;
				SWIFT_COMPILATION_MODE = wholemodule;
				VALIDATE_PRODUCT = YES;
			};
			name = Release;
		};
		D15D40E02B5E9C8400B6A5BF /* Debug */ = {
			isa = XCBuildConfiguration;
			buildSettings = {
				ASSETCATALOG_COMPILER_APPICON_NAME = AppIcon;
				ASSETCATALOG_COMPILER_GLOBAL_ACCENT_COLOR_NAME = AccentColor;
				CODE_SIGN_STYLE = Automatic;
				CURRENT_PROJECT_VERSION = 1;
				DEVELOPMENT_ASSET_PATHS = "\"FramWork/Preview Content\"";
				DEVELOPMENT_TEAM = 568SNGB3DW;
				ENABLE_PREVIEWS = YES;
				GENERATE_INFOPLIST_FILE = YES;
				INFOPLIST_KEY_UIApplicationSceneManifest_Generation = YES;
				INFOPLIST_KEY_UIApplicationSupportsIndirectInputEvents = YES;
				INFOPLIST_KEY_UILaunchScreen_Generation = YES;
				INFOPLIST_KEY_UISupportedInterfaceOrientations_iPad = "UIInterfaceOrientationPortrait UIInterfaceOrientationPortraitUpsideDown UIInterfaceOrientationLandscapeLeft UIInterfaceOrientationLandscapeRight";
				INFOPLIST_KEY_UISupportedInterfaceOrientations_iPhone = "UIInterfaceOrientationPortrait UIInterfaceOrientationLandscapeLeft UIInterfaceOrientationLandscapeRight";
				LD_RUNPATH_SEARCH_PATHS = (
					"$(inherited)",
					"@executable_path/Frameworks",
				);
				MARKETING_VERSION = 1.0;
				PRODUCT_BUNDLE_IDENTIFIER = "Simple-Project.FramWork";
				PRODUCT_NAME = "$(TARGET_NAME)";
				SWIFT_EMIT_LOC_STRINGS = YES;
				SWIFT_VERSION = 5.0;
				TARGETED_DEVICE_FAMILY = "1,2";
			};
			name = Debug;
		};
		D15D40E12B5E9C8400B6A5BF /* Release */ = {
			isa = XCBuildConfiguration;
			buildSettings = {
				ASSETCATALOG_COMPILER_APPICON_NAME = AppIcon;
				ASSETCATALOG_COMPILER_GLOBAL_ACCENT_COLOR_NAME = AccentColor;
				CODE_SIGN_STYLE = Automatic;
				CURRENT_PROJECT_VERSION = 1;
				DEVELOPMENT_ASSET_PATHS = "\"FramWork/Preview Content\"";
				DEVELOPMENT_TEAM = 568SNGB3DW;
				ENABLE_PREVIEWS = YES;
				GENERATE_INFOPLIST_FILE = YES;
				INFOPLIST_KEY_UIApplicationSceneManifest_Generation = YES;
				INFOPLIST_KEY_UIApplicationSupportsIndirectInputEvents = YES;
				INFOPLIST_KEY_UILaunchScreen_Generation = YES;
				INFOPLIST_KEY_UISupportedInterfaceOrientations_iPad = "UIInterfaceOrientationPortrait UIInterfaceOrientationPortraitUpsideDown UIInterfaceOrientationLandscapeLeft UIInterfaceOrientationLandscapeRight";
				INFOPLIST_KEY_UISupportedInterfaceOrientations_iPhone = "UIInterfaceOrientationPortrait UIInterfaceOrientationLandscapeLeft UIInterfaceOrientationLandscapeRight";
				LD_RUNPATH_SEARCH_PATHS = (
					"$(inherited)",
					"@executable_path/Frameworks",
				);
				MARKETING_VERSION = 1.0;
				PRODUCT_BUNDLE_IDENTIFIER = "Simple-Project.FramWork";
				PRODUCT_NAME = "$(TARGET_NAME)";
				SWIFT_EMIT_LOC_STRINGS = YES;
				SWIFT_VERSION = 5.0;
				TARGETED_DEVICE_FAMILY = "1,2";
			};
			name = Release;
		};
		D15D40E32B5E9C8400B6A5BF /* Debug */ = {
			isa = XCBuildConfiguration;
			buildSettings = {
				ALWAYS_EMBED_SWIFT_STANDARD_LIBRARIES = YES;
				BUNDLE_LOADER = "$(TEST_HOST)";
				CODE_SIGN_STYLE = Automatic;
				CURRENT_PROJECT_VERSION = 1;
				DEVELOPMENT_TEAM = 568SNGB3DW;
				GENERATE_INFOPLIST_FILE = YES;
				IPHONEOS_DEPLOYMENT_TARGET = 17.2;
				MARKETING_VERSION = 1.0;
				PRODUCT_BUNDLE_IDENTIFIER = "Simple-Project.FramWorkTests";
				PRODUCT_NAME = "$(TARGET_NAME)";
				SWIFT_EMIT_LOC_STRINGS = NO;
				SWIFT_VERSION = 5.0;
				TARGETED_DEVICE_FAMILY = "1,2";
				TEST_HOST = "$(BUILT_PRODUCTS_DIR)/FramWork.app/$(BUNDLE_EXECUTABLE_FOLDER_PATH)/FramWork";
			};
			name = Debug;
		};
		D15D40E42B5E9C8400B6A5BF /* Release */ = {
			isa = XCBuildConfiguration;
			buildSettings = {
				ALWAYS_EMBED_SWIFT_STANDARD_LIBRARIES = YES;
				BUNDLE_LOADER = "$(TEST_HOST)";
				CODE_SIGN_STYLE = Automatic;
				CURRENT_PROJECT_VERSION = 1;
				DEVELOPMENT_TEAM = 568SNGB3DW;
				GENERATE_INFOPLIST_FILE = YES;
				IPHONEOS_DEPLOYMENT_TARGET = 17.2;
				MARKETING_VERSION = 1.0;
				PRODUCT_BUNDLE_IDENTIFIER = "Simple-Project.FramWorkTests";
				PRODUCT_NAME = "$(TARGET_NAME)";
				SWIFT_EMIT_LOC_STRINGS = NO;
				SWIFT_VERSION = 5.0;
				TARGETED_DEVICE_FAMILY = "1,2";
				TEST_HOST = "$(BUILT_PRODUCTS_DIR)/FramWork.app/$(BUNDLE_EXECUTABLE_FOLDER_PATH)/FramWork";
			};
			name = Release;
		};
		D15D40E62B5E9C8400B6A5BF /* Debug */ = {
			isa = XCBuildConfiguration;
			buildSettings = {
				ALWAYS_EMBED_SWIFT_STANDARD_LIBRARIES = YES;
				CODE_SIGN_STYLE = Automatic;
				CURRENT_PROJECT_VERSION = 1;
				DEVELOPMENT_TEAM = 568SNGB3DW;
				GENERATE_INFOPLIST_FILE = YES;
				MARKETING_VERSION = 1.0;
				PRODUCT_BUNDLE_IDENTIFIER = "Simple-Project.FramWorkUITests";
				PRODUCT_NAME = "$(TARGET_NAME)";
				SWIFT_EMIT_LOC_STRINGS = NO;
				SWIFT_VERSION = 5.0;
				TARGETED_DEVICE_FAMILY = "1,2";
				TEST_TARGET_NAME = FramWork;
			};
			name = Debug;
		};
		D15D40E72B5E9C8400B6A5BF /* Release */ = {
			isa = XCBuildConfiguration;
			buildSettings = {
				ALWAYS_EMBED_SWIFT_STANDARD_LIBRARIES = YES;
				CODE_SIGN_STYLE = Automatic;
				CURRENT_PROJECT_VERSION = 1;
				DEVELOPMENT_TEAM = 568SNGB3DW;
				GENERATE_INFOPLIST_FILE = YES;
				MARKETING_VERSION = 1.0;
				PRODUCT_BUNDLE_IDENTIFIER = "Simple-Project.FramWorkUITests";
				PRODUCT_NAME = "$(TARGET_NAME)";
				SWIFT_EMIT_LOC_STRINGS = NO;
				SWIFT_VERSION = 5.0;
				TARGETED_DEVICE_FAMILY = "1,2";
				TEST_TARGET_NAME = FramWork;
			};
			name = Release;
		};
/* End XCBuildConfiguration section */

/* Begin XCConfigurationList section */
		D15D40B62B5E9C8100B6A5BF /* Build configuration list for PBXProject "FramWork" */ = {
			isa = XCConfigurationList;
			buildConfigurations = (
				D15D40DD2B5E9C8400B6A5BF /* Debug */,
				D15D40DE2B5E9C8400B6A5BF /* Release */,
			);
			defaultConfigurationIsVisible = 0;
			defaultConfigurationName = Release;
		};
		D15D40DF2B5E9C8400B6A5BF /* Build configuration list for PBXNativeTarget "FramWork" */ = {
			isa = XCConfigurationList;
			buildConfigurations = (
				D15D40E02B5E9C8400B6A5BF /* Debug */,
				D15D40E12B5E9C8400B6A5BF /* Release */,
			);
			defaultConfigurationIsVisible = 0;
			defaultConfigurationName = Release;
		};
		D15D40E22B5E9C8400B6A5BF /* Build configuration list for PBXNativeTarget "FramWorkTests" */ = {
			isa = XCConfigurationList;
			buildConfigurations = (
				D15D40E32B5E9C8400B6A5BF /* Debug */,
				D15D40E42B5E9C8400B6A5BF /* Release */,
			);
			defaultConfigurationIsVisible = 0;
			defaultConfigurationName = Release;
		};
		D15D40E52B5E9C8400B6A5BF /* Build configuration list for PBXNativeTarget "FramWorkUITests" */ = {
			isa = XCConfigurationList;
			buildConfigurations = (
				D15D40E62B5E9C8400B6A5BF /* Debug */,
				D15D40E72B5E9C8400B6A5BF /* Release */,
			);
			defaultConfigurationIsVisible = 0;
			defaultConfigurationName = Release;
		};
/* End XCConfigurationList section */
	};
	rootObject = D15D40B32B5E9C8100B6A5BF /* Project object */;
}
